
Microsoft Visual Studio Solution File, Format Version 12.00
# Visual Studio Version 17
VisualStudioVersion = 17.7.34009.444
MinimumVisualStudioVersion = 10.0.40219.1
Project("{FAE04EC0-301F-11D3-BF4B-00C04F79EFBC}") = "DBZ Power levels to Yugioh ATK points converter - working version", "DBZ Power levels to Yugioh ATK points converter - working version.csproj", "{892A490A-7AEA-441F-B28D-F92FFFE359A3}"
EndProject
Global
	GlobalSection(SolutionConfigurationPlatforms) = preSolution
		Debug|Any CPU = Debug|Any CPU
		Release|Any CPU = Release|Any CPU
	EndGlobalSection
	GlobalSection(ProjectConfigurationPlatforms) = postSolution
		{892A490A-7AEA-441F-B28D-F92FFFE359A3}.Debug|Any CPU.ActiveCfg = Debug|Any CPU
		{892A490A-7AEA-441F-B28D-F92FFFE359A3}.Debug|Any CPU.Build.0 = Debug|Any CPU
		{892A490A-7AEA-441F-B28D-F92FFFE359A3}.Release|Any CPU.ActiveCfg = Release|Any CPU
		{892A490A-7AEA-441F-B28D-F92FFFE359A3}.Release|Any CPU.Build.0 = Release|Any CPU
	EndGlobalSection
	GlobalSection(SolutionProperties) = preSolution
		HideSolutionNode = FALSE
	EndGlobalSection
	GlobalSection(ExtensibilityGlobals) = postSolution
		SolutionGuid = {0C0C96CB-1AA2-465C-8F30-FD8287720FE0}
	EndGlobalSection
EndGlobal
